
Microsoft Visual Studio Solution File, Format Version 12.00
# Visual Studio Version 18
VisualStudioVersion = 18.0.11123.170 d18.0
MinimumVisualStudioVersion = 10.0.40219.1
Project("{FAE04EC0-301F-11D3-BF4B-00C04F79EFBC}") = "StackExample", "Structure.Queue\StackExample.csproj", "{07ABC1B1-BB60-4ED4-982A-78A8DACC35F5}"
EndProject
Project("{FAE04EC0-301F-11D3-BF4B-00C04F79EFBC}") = "GenericMethods", "GenericMethods\GenericMethods.csproj", "{8345D0BD-2FCD-41FC-AEA9-A87C9DF4AABE}"
EndProject
Global
	GlobalSection(SolutionConfigurationPlatforms) = preSolution
		Debug|Any CPU = Debug|Any CPU
		Release|Any CPU = Release|Any CPU
	EndGlobalSection
	GlobalSection(ProjectConfigurationPlatforms) = postSolution
		{07ABC1B1-BB60-4ED4-982A-78A8DACC35F5}.Debug|Any CPU.ActiveCfg = Debug|Any CPU
		{07ABC1B1-BB60-4ED4-982A-78A8DACC35F5}.Debug|Any CPU.Build.0 = Debug|Any CPU
		{07ABC1B1-BB60-4ED4-982A-78A8DACC35F5}.Release|Any CPU.ActiveCfg = Release|Any CPU
		{07ABC1B1-BB60-4ED4-982A-78A8DACC35F5}.Release|Any CPU.Build.0 = Release|Any CPU
		{8345D0BD-2FCD-41FC-AEA9-A87C9DF4AABE}.Debug|Any CPU.ActiveCfg = Debug|Any CPU
		{8345D0BD-2FCD-41FC-AEA9-A87C9DF4AABE}.Debug|Any CPU.Build.0 = Debug|Any CPU
		{8345D0BD-2FCD-41FC-AEA9-A87C9DF4AABE}.Release|Any CPU.ActiveCfg = Release|Any CPU
		{8345D0BD-2FCD-41FC-AEA9-A87C9DF4AABE}.Release|Any CPU.Build.0 = Release|Any CPU
	EndGlobalSection
	GlobalSection(SolutionProperties) = preSolution
		HideSolutionNode = FALSE
	EndGlobalSection
	GlobalSection(ExtensibilityGlobals) = postSolution
		SolutionGuid = {073310AA-6EB2-4C1E-9DC9-5D3A18FBE029}
	EndGlobalSection
EndGlobal
